
Microsoft Visual Studio Solution File, Format Version 12.00
# Visual Studio 15
VisualStudioVersion = 15.0.27004.2008
MinimumVisualStudioVersion = 10.0.40219.1
Project("{9A19103F-16F7-4668-BE54-9A1E7A4F7556}") = "Ditch.Steem", "Ditch.Steem\Ditch.Steem.csproj", "{6C914F23-D72B-4A98-824C-51358FDA0796}"
EndProject
Project("{9A19103F-16F7-4668-BE54-9A1E7A4F7556}") = "Ditch.Golos", "Ditch.Golos\Ditch.Golos.csproj", "{F60D2578-C1B5-437B-813A-924CF616F83A}"
EndProject
Project("{9A19103F-16F7-4668-BE54-9A1E7A4F7556}") = "Ditch.Core", "Ditch.Core\Ditch.Core.csproj", "{15294A4E-300E-460D-B229-7A20A5796D1F}"
EndProject
Project("{FAE04EC0-301F-11D3-BF4B-00C04F79EFBC}") = "Ditch.Steem.Tests", "Ditch.Steem.Tests\Ditch.Steem.Tests.csproj", "{F0E31E40-9B4B-447F-A041-A773FECD0D29}"
EndProject
Project("{FAE04EC0-301F-11D3-BF4B-00C04F79EFBC}") = "Ditch.Golos.Tests", "Ditch.Golos.Tests\Ditch.Golos.Tests.csproj", "{F5CD29C9-11D2-45EC-B9CC-279AF7D0AD55}"
EndProject
Project("{FAE04EC0-301F-11D3-BF4B-00C04F79EFBC}") = "Ditch.Core.Tests", "Ditch.Core.Tests\Ditch.Core.Tests.csproj", "{56C54FEE-3749-43A8-8D57-88A075193A45}"
EndProject
Project("{9A19103F-16F7-4668-BE54-9A1E7A4F7556}") = "Ditch.EOS", "Ditch.EOS\Ditch.EOS.csproj", "{B060494D-D51A-4621-B315-F06FDC5200ED}"
EndProject
Project("{FAE04EC0-301F-11D3-BF4B-00C04F79EFBC}") = "Ditch.EOS.Tests", "Ditch.EOS.Tests\Ditch.EOS.Tests.csproj", "{18D52367-9434-493C-928D-9755EDEEE97C}"
EndProject
Project("{FAE04EC0-301F-11D3-BF4B-00C04F79EFBC}") = "Ditch.BitShares", "Ditch.BitShares\Ditch.BitShares.csproj", "{8E5D2936-E2CA-4EBC-B866-5047A9D7041D}"
EndProject
Project("{FAE04EC0-301F-11D3-BF4B-00C04F79EFBC}") = "Ditch.BitShares.Tests", "Ditch.BitShares.Tests\Ditch.BitShares.Tests.csproj", "{921955DD-C35E-420D-992E-6A086185D598}"
EndProject
Global
	GlobalSection(SolutionConfigurationPlatforms) = preSolution
		Debug|Any CPU = Debug|Any CPU
		Release|Any CPU = Release|Any CPU
	EndGlobalSection
	GlobalSection(ProjectConfigurationPlatforms) = postSolution
		{6C914F23-D72B-4A98-824C-51358FDA0796}.Debug|Any CPU.ActiveCfg = Debug|Any CPU
		{6C914F23-D72B-4A98-824C-51358FDA0796}.Debug|Any CPU.Build.0 = Debug|Any CPU
		{6C914F23-D72B-4A98-824C-51358FDA0796}.Release|Any CPU.ActiveCfg = Release|Any CPU
		{6C914F23-D72B-4A98-824C-51358FDA0796}.Release|Any CPU.Build.0 = Release|Any CPU
		{F60D2578-C1B5-437B-813A-924CF616F83A}.Debug|Any CPU.ActiveCfg = Debug|Any CPU
		{F60D2578-C1B5-437B-813A-924CF616F83A}.Debug|Any CPU.Build.0 = Debug|Any CPU
		{F60D2578-C1B5-437B-813A-924CF616F83A}.Release|Any CPU.ActiveCfg = Release|Any CPU
		{F60D2578-C1B5-437B-813A-924CF616F83A}.Release|Any CPU.Build.0 = Release|Any CPU
		{15294A4E-300E-460D-B229-7A20A5796D1F}.Debug|Any CPU.ActiveCfg = Debug|Any CPU
		{15294A4E-300E-460D-B229-7A20A5796D1F}.Debug|Any CPU.Build.0 = Debug|Any CPU
		{15294A4E-300E-460D-B229-7A20A5796D1F}.Release|Any CPU.ActiveCfg = Release|Any CPU
		{15294A4E-300E-460D-B229-7A20A5796D1F}.Release|Any CPU.Build.0 = Release|Any CPU
		{F0E31E40-9B4B-447F-A041-A773FECD0D29}.Debug|Any CPU.ActiveCfg = Debug|Any CPU
		{F0E31E40-9B4B-447F-A041-A773FECD0D29}.Debug|Any CPU.Build.0 = Debug|Any CPU
		{F0E31E40-9B4B-447F-A041-A773FECD0D29}.Release|Any CPU.ActiveCfg = Release|Any CPU
		{F0E31E40-9B4B-447F-A041-A773FECD0D29}.Release|Any CPU.Build.0 = Release|Any CPU
		{F5CD29C9-11D2-45EC-B9CC-279AF7D0AD55}.Debug|Any CPU.ActiveCfg = Debug|Any CPU
		{F5CD29C9-11D2-45EC-B9CC-279AF7D0AD55}.Debug|Any CPU.Build.0 = Debug|Any CPU
		{F5CD29C9-11D2-45EC-B9CC-279AF7D0AD55}.Release|Any CPU.ActiveCfg = Release|Any CPU
		{F5CD29C9-11D2-45EC-B9CC-279AF7D0AD55}.Release|Any CPU.Build.0 = Release|Any CPU
		{B060494D-D51A-4621-B315-F06FDC5200ED}.Debug|Any CPU.ActiveCfg = Debug|Any CPU
		{B060494D-D51A-4621-B315-F06FDC5200ED}.Debug|Any CPU.Build.0 = Debug|Any CPU
		{B060494D-D51A-4621-B315-F06FDC5200ED}.Release|Any CPU.ActiveCfg = Release|Any CPU
		{B060494D-D51A-4621-B315-F06FDC5200ED}.Release|Any CPU.Build.0 = Release|Any CPU
		{18D52367-9434-493C-928D-9755EDEEE97C}.Debug|Any CPU.ActiveCfg = Debug|Any CPU
		{18D52367-9434-493C-928D-9755EDEEE97C}.Debug|Any CPU.Build.0 = Debug|Any CPU
		{18D52367-9434-493C-928D-9755EDEEE97C}.Release|Any CPU.ActiveCfg = Release|Any CPU
		{18D52367-9434-493C-928D-9755EDEEE97C}.Release|Any CPU.Build.0 = Release|Any CPU
		{8E5D2936-E2CA-4EBC-B866-5047A9D7041D}.Debug|Any CPU.ActiveCfg = Debug|Any CPU
		{8E5D2936-E2CA-4EBC-B866-5047A9D7041D}.Debug|Any CPU.Build.0 = Debug|Any CPU
		{8E5D2936-E2CA-4EBC-B866-5047A9D7041D}.Release|Any CPU.ActiveCfg = Release|Any CPU
		{8E5D2936-E2CA-4EBC-B866-5047A9D7041D}.Release|Any CPU.Build.0 = Release|Any CPU
		{921955DD-C35E-420D-992E-6A086185D598}.Debug|Any CPU.ActiveCfg = Debug|Any CPU
		{921955DD-C35E-420D-992E-6A086185D598}.Debug|Any CPU.Build.0 = Debug|Any CPU
		{921955DD-C35E-420D-992E-6A086185D598}.Release|Any CPU.ActiveCfg = Release|Any CPU
		{921955DD-C35E-420D-992E-6A086185D598}.Release|Any CPU.Build.0 = Release|Any CPU
		{56C54FEE-3749-43A8-8D57-88A075193A45}.Debug|Any CPU.ActiveCfg = Debug|Any CPU
		{56C54FEE-3749-43A8-8D57-88A075193A45}.Debug|Any CPU.Build.0 = Debug|Any CPU
		{56C54FEE-3749-43A8-8D57-88A075193A45}.Release|Any CPU.ActiveCfg = Release|Any CPU
		{56C54FEE-3749-43A8-8D57-88A075193A45}.Release|Any CPU.Build.0 = Release|Any CPU
	EndGlobalSection
	GlobalSection(SolutionProperties) = preSolution
		HideSolutionNode = FALSE
	EndGlobalSection
	GlobalSection(ExtensibilityGlobals) = postSolution
		SolutionGuid = {B68BC020-59DA-4434-A6A8-9A3C5790B8E9}
	EndGlobalSection
EndGlobal
